<Solution>
  <Folder Name="/src/">
    <Project Path="src/OpenWinSidecar.Cli/OpenWinSidecar.Cli.csproj" />
    <Project Path="src/OpenWinSidecar.Console/OpenWinSidecar.Console.csproj" />
    <Project Path="src/OpenWinSidecar.Core/OpenWinSidecar.Core.csproj" />
    <Project Path="src/OpenWinSidecar.Service/OpenWinSidecar.Service.csproj" />
  </Folder>
</Solution>
